// !$*UTF8*$!
{
	archiveVersion = 1;
	classes = {
	};
	objectVersion = 50;
	objects = {

/* Begin PBXBuildFile section */
		3F128050250F110000B69CF6 /* AppDelegate.swift in Sources */ = {isa = PBXBuildFile; fileRef = 3F12804F250F110000B69CF6 /* AppDelegate.swift */; };
		3F128052250F110000B69CF6 /* SceneDelegate.swift in Sources */ = {isa = PBXBuildFile; fileRef = 3F128051250F110000B69CF6 /* SceneDelegate.swift */; };
		3F128054250F110000B69CF6 /* MatchesView.swift in Sources */ = {isa = PBXBuildFile; fileRef = 3F128053250F110000B69CF6 /* MatchesView.swift */; };
		3F128056250F110100B69CF6 /* Assets.xcassets in Resources */ = {isa = PBXBuildFile; fileRef = 3F128055250F110100B69CF6 /* Assets.xcassets */; };
		3F128059250F110100B69CF6 /* Preview Assets.xcassets in Resources */ = {isa = PBXBuildFile; fileRef = 3F128058250F110100B69CF6 /* Preview Assets.xcassets */; };
		3F12805C250F110100B69CF6 /* LaunchScreen.storyboard in Resources */ = {isa = PBXBuildFile; fileRef = 3F12805A250F110100B69CF6 /* LaunchScreen.storyboard */; };
		3F128064250F466D00B69CF6 /* GroupView.swift in Sources */ = {isa = PBXBuildFile; fileRef = 3F128063250F466D00B69CF6 /* GroupView.swift */; };
		3F128066250FBF5900B69CF6 /* ProfileView.swift in Sources */ = {isa = PBXBuildFile; fileRef = 3F128065250FBF5900B69CF6 /* ProfileView.swift */; };
		3F128068250FE56D00B69CF6 /* ContentView.swift in Sources */ = {isa = PBXBuildFile; fileRef = 3F128067250FE56D00B69CF6 /* ContentView.swift */; };
		3F12806C25101A2200B69CF6 /* EventsView.swift in Sources */ = {isa = PBXBuildFile; fileRef = 3F12806B25101A2200B69CF6 /* EventsView.swift */; };
/* End PBXBuildFile section */

/* Begin PBXFileReference section */
		3F12804C250F110000B69CF6 /* Concat.app */ = {isa = PBXFileReference; explicitFileType = wrapper.application; includeInIndex = 0; path = Concat.app; sourceTree = BUILT_PRODUCTS_DIR; };
		3F12804F250F110000B69CF6 /* AppDelegate.swift */ = {isa = PBXFileReference; lastKnownFileType = sourcecode.swift; path = AppDelegate.swift; sourceTree = "<group>"; };
		3F128051250F110000B69CF6 /* SceneDelegate.swift */ = {isa = PBXFileReference; lastKnownFileType = sourcecode.swift; path = SceneDelegate.swift; sourceTree = "<group>"; };
		3F128053250F110000B69CF6 /* MatchesView.swift */ = {isa = PBXFileReference; lastKnownFileType = sourcecode.swift; path = MatchesView.swift; sourceTree = "<group>"; };
		3F128055250F110100B69CF6 /* Assets.xcassets */ = {isa = PBXFileReference; lastKnownFileType = folder.assetcatalog; path = Assets.xcassets; sourceTree = "<group>"; };
		3F128058250F110100B69CF6 /* Preview Assets.xcassets */ = {isa = PBXFileReference; lastKnownFileType = folder.assetcatalog; path = "Preview Assets.xcassets"; sourceTree = "<group>"; };
		3F12805B250F110100B69CF6 /* Base */ = {isa = PBXFileReference; lastKnownFileType = file.storyboard; name = Base; path = Base.lproj/LaunchScreen.storyboard; sourceTree = "<group>"; };
		3F12805D250F110100B69CF6 /* Info.plist */ = {isa = PBXFileReference; lastKnownFileType = text.plist.xml; path = Info.plist; sourceTree = "<group>"; };
		3F128063250F466D00B69CF6 /* GroupView.swift */ = {isa = PBXFileReference; lastKnownFileType = sourcecode.swift; path = GroupView.swift; sourceTree = "<group>"; };
		3F128065250FBF5900B69CF6 /* ProfileView.swift */ = {isa = PBXFileReference; lastKnownFileType = sourcecode.swift; path = ProfileView.swift; sourceTree = "<group>"; };
		3F128067250FE56D00B69CF6 /* ContentView.swift */ = {isa = PBXFileReference; lastKnownFileType = sourcecode.swift; path = ContentView.swift; sourceTree = "<group>"; };
		3F12806B25101A2200B69CF6 /* EventsView.swift */ = {isa = PBXFileReference; lastKnownFileType = sourcecode.swift; path = EventsView.swift; sourceTree = "<group>"; };
/* End PBXFileReference section */

/* Begin PBXFrameworksBuildPhase section */
		3F128049250F110000B69CF6 /* Frameworks */ = {
			isa = PBXFrameworksBuildPhase;
			buildActionMask = 2147483647;
			files = (
			);
			runOnlyForDeploymentPostprocessing = 0;
		};
/* End PBXFrameworksBuildPhase section */

/* Begin PBXGroup section */
		3F128043250F110000B69CF6 = {
			isa = PBXGroup;
			children = (
				3F12804E250F110000B69CF6 /* Concat */,
				3F12804D250F110000B69CF6 /* Products */,
			);
			sourceTree = "<group>";
		};
		3F12804D250F110000B69CF6 /* Products */ = {
			isa = PBXGroup;
			children = (
				3F12804C250F110000B69CF6 /* Concat.app */,
			);
			name = Products;
			sourceTree = "<group>";
		};
		3F12804E250F110000B69CF6 /* Concat */ = {
			isa = PBXGroup;
			children = (
				3F12804F250F110000B69CF6 /* AppDelegate.swift */,
				3F128051250F110000B69CF6 /* SceneDelegate.swift */,
				3F128067250FE56D00B69CF6 /* ContentView.swift */,
				3F128053250F110000B69CF6 /* MatchesView.swift */,
				3F128063250F466D00B69CF6 /* GroupView.swift */,
				3F128065250FBF5900B69CF6 /* ProfileView.swift */,
				3F12806B25101A2200B69CF6 /* EventsView.swift */,
				3F128055250F110100B69CF6 /* Assets.xcassets */,
				3F12805A250F110100B69CF6 /* LaunchScreen.storyboard */,
				3F12805D250F110100B69CF6 /* Info.plist */,
				3F128057250F110100B69CF6 /* Preview Content */,
			);
			path = Concat;
			sourceTree = "<group>";
		};
		3F128057250F110100B69CF6 /* Preview Content */ = {
			isa = PBXGroup;
			children = (
				3F128058250F110100B69CF6 /* Preview Assets.xcassets */,
			);
			path = "Preview Content";
			sourceTree = "<group>";
		};
/* End PBXGroup section */

/* Begin PBXNativeTarget section */
		3F12804B250F110000B69CF6 /* Concat */ = {
			isa = PBXNativeTarget;
			buildConfigurationList = 3F128060250F110100B69CF6 /* Build configuration list for PBXNativeTarget "Concat" */;
			buildPhases = (
				3F128048250F110000B69CF6 /* Sources */,
				3F128049250F110000B69CF6 /* Frameworks */,
				3F12804A250F110000B69CF6 /* Resources */,
			);
			buildRules = (
			);
			dependencies = (
			);
			name = Concat;
			productName = Concat;
			productReference = 3F12804C250F110000B69CF6 /* Concat.app */;
			productType = "com.apple.product-type.application";
		};
/* End PBXNativeTarget section */

/* Begin PBXProject section */
		3F128044250F110000B69CF6 /* Project object */ = {
			isa = PBXProject;
			attributes = {
				LastSwiftUpdateCheck = 1160;
				LastUpgradeCheck = 1160;
				ORGANIZATIONNAME = "Richard Jo";
				TargetAttributes = {
					3F12804B250F110000B69CF6 = {
						CreatedOnToolsVersion = 11.6;
					};
				};
			};
			buildConfigurationList = 3F128047250F110000B69CF6 /* Build configuration list for PBXProject "Concat" */;
			compatibilityVersion = "Xcode 9.3";
			developmentRegion = en;
			hasScannedForEncodings = 0;
			knownRegions = (
				en,
				Base,
			);
			mainGroup = 3F128043250F110000B69CF6;
			productRefGroup = 3F12804D250F110000B69CF6 /* Products */;
			projectDirPath = "";
			projectRoot = "";
			targets = (
				3F12804B250F110000B69CF6 /* Concat */,
			);
		};
/* End PBXProject section */

/* Begin PBXResourcesBuildPhase section */
		3F12804A250F110000B69CF6 /* Resources */ = {
			isa = PBXResourcesBuildPhase;
			buildActionMask = 2147483647;
			files = (
				3F12805C250F110100B69CF6 /* LaunchScreen.storyboard in Resources */,
				3F128059250F110100B69CF6 /* Preview Assets.xcassets in Resources */,
				3F128056250F110100B69CF6 /* Assets.xcassets in Resources */,
			);
			runOnlyForDeploymentPostprocessing = 0;
		};
/* End PBXResourcesBuildPhase section */

/* Begin PBXSourcesBuildPhase section */
		3F128048250F110000B69CF6 /* Sources */ = {
			isa = PBXSourcesBuildPhase;
			buildActionMask = 2147483647;
			files = (
				3F128050250F110000B69CF6 /* AppDelegate.swift in Sources */,
				3F12806C25101A2200B69CF6 /* EventsView.swift in Sources */,
				3F128052250F110000B69CF6 /* SceneDelegate.swift in Sources */,
				3F128068250FE56D00B69CF6 /* ContentView.swift in Sources */,
				3F128066250FBF5900B69CF6 /* ProfileView.swift in Sources */,
				3F128064250F466D00B69CF6 /* GroupView.swift in Sources */,
				3F128054250F110000B69CF6 /* MatchesView.swift in Sources */,
			);
			runOnlyForDeploymentPostprocessing = 0;
		};
/* End PBXSourcesBuildPhase section */

/* Begin PBXVariantGroup section */
		3F12805A250F110100B69CF6 /* LaunchScreen.storyboard */ = {
			isa = PBXVariantGroup;
			children = (
				3F12805B250F110100B69CF6 /* Base */,
			);
			name = LaunchScreen.storyboard;
			sourceTree = "<group>";
		};
/* End PBXVariantGroup section */

/* Begin XCBuildConfiguration section */
		3F12805E250F110100B69CF6 /* Debug */ = {
			isa = XCBuildConfiguration;
			buildSettings = {
				ALWAYS_SEARCH_USER_PATHS = NO;
				CLANG_ANALYZER_NONNULL = YES;
				CLANG_ANALYZER_NUMBER_OBJECT_CONVERSION = YES_AGGRESSIVE;
				CLANG_CXX_LANGUAGE_STANDARD = "gnu++14";
				CLANG_CXX_LIBRARY = "libc++";
				CLANG_ENABLE_MODULES = YES;
				CLANG_ENABLE_OBJC_ARC = YES;
				CLANG_ENABLE_OBJC_WEAK = YES;
				CLANG_WARN_BLOCK_CAPTURE_AUTORELEASING = YES;
				CLANG_WARN_BOOL_CONVERSION = YES;
				CLANG_WARN_COMMA = YES;
				CLANG_WARN_CONSTANT_CONVERSION = YES;
				CLANG_WARN_DEPRECATED_OBJC_IMPLEMENTATIONS = YES;
				CLANG_WARN_DIRECT_OBJC_ISA_USAGE = YES_ERROR;
				CLANG_WARN_DOCUMENTATION_COMMENTS = YES;
				CLANG_WARN_EMPTY_BODY = YES;
				CLANG_WARN_ENUM_CONVERSION = YES;
				CLANG_WARN_INFINITE_RECURSION = YES;
				CLANG_WARN_INT_CONVERSION = YES;
				CLANG_WARN_NON_LITERAL_NULL_CONVERSION = YES;
				CLANG_WARN_OBJC_IMPLICIT_RETAIN_SELF = YES;
				CLANG_WARN_OBJC_LITERAL_CONVERSION = YES;
				CLANG_WARN_OBJC_ROOT_CLASS = YES_ERROR;
				CLANG_WARN_RANGE_LOOP_ANALYSIS = YES;
				CLANG_WARN_STRICT_PROTOTYPES = YES;
				CLANG_WARN_SUSPICIOUS_MOVE = YES;
				CLANG_WARN_UNGUARDED_AVAILABILITY = YES_AGGRESSIVE;
				CLANG_WARN_UNREACHABLE_CODE = YES;
				CLANG_WARN__DUPLICATE_METHOD_MATCH = YES;
				COPY_PHASE_STRIP = NO;
				DEBUG_INFORMATION_FORMAT = dwarf;
				ENABLE_STRICT_OBJC_MSGSEND = YES;
				ENABLE_TESTABILITY = YES;
				GCC_C_LANGUAGE_STANDARD = gnu11;
				GCC_DYNAMIC_NO_PIC = NO;
				GCC_NO_COMMON_BLOCKS = YES;
				GCC_OPTIMIZATION_LEVEL = 0;
				GCC_PREPROCESSOR_DEFINITIONS = (
					"DEBUG=1",
					"$(inherited)",
				);
				GCC_WARN_64_TO_32_BIT_CONVERSION = YES;
				GCC_WARN_ABOUT_RETURN_TYPE = YES_ERROR;
				GCC_WARN_UNDECLARED_SELECTOR = YES;
				GCC_WARN_UNINITIALIZED_AUTOS = YES_AGGRESSIVE;
				GCC_WARN_UNUSED_FUNCTION = YES;
				GCC_WARN_UNUSED_VARIABLE = YES;
				IPHONEOS_DEPLOYMENT_TARGET = 13.6;
				MTL_ENABLE_DEBUG_INFO = INCLUDE_SOURCE;
				MTL_FAST_MATH = YES;
				ONLY_ACTIVE_ARCH = YES;
				SDKROOT = iphoneos;
				SWIFT_ACTIVE_COMPILATION_CONDITIONS = DEBUG;
				SWIFT_OPTIMIZATION_LEVEL = "-Onone";
			};
			name = Debug;
		};
		3F12805F250F110100B69CF6 /* Release */ = {
			isa = XCBuildConfiguration;
			buildSettings = {
				ALWAYS_SEARCH_USER_PATHS = NO;
				CLANG_ANALYZER_NONNULL = YES;
				CLANG_ANALYZER_NUMBER_OBJECT_CONVERSION = YES_AGGRESSIVE;
				CLANG_CXX_LANGUAGE_STANDARD = "gnu++14";
				CLANG_CXX_LIBRARY = "libc++";
				CLANG_ENABLE_MODULES = YES;
				CLANG_ENABLE_OBJC_ARC = YES;
				CLANG_ENABLE_OBJC_WEAK = YES;
				CLANG_WARN_BLOCK_CAPTURE_AUTORELEASING = YES;
				CLANG_WARN_BOOL_CONVERSION = YES;
				CLANG_WARN_COMMA = YES;
				CLANG_WARN_CONSTANT_CONVERSION = YES;
				CLANG_WARN_DEPRECATED_OBJC_IMPLEMENTATIONS = YES;
				CLANG_WARN_DIRECT_OBJC_ISA_USAGE = YES_ERROR;
				CLANG_WARN_DOCUMENTATION_COMMENTS = YES;
				CLANG_WARN_EMPTY_BODY = YES;
				CLANG_WARN_ENUM_CONVERSION = YES;
				CLANG_WARN_INFINITE_RECURSION = YES;
				CLANG_WARN_INT_CONVERSION = YES;
				CLANG_WARN_NON_LITERAL_NULL_CONVERSION = YES;
				CLANG_WARN_OBJC_IMPLICIT_RETAIN_SELF = YES;
				CLANG_WARN_OBJC_LITERAL_CONVERSION = YES;
				CLANG_WARN_OBJC_ROOT_CLASS = YES_ERROR;
				CLANG_WARN_RANGE_LOOP_ANALYSIS = YES;
				CLANG_WARN_STRICT_PROTOTYPES = YES;
				CLANG_WARN_SUSPICIOUS_MOVE = YES;
				CLANG_WARN_UNGUARDED_AVAILABILITY = YES_AGGRESSIVE;
				CLANG_WARN_UNREACHABLE_CODE = YES;
				CLANG_WARN__DUPLICATE_METHOD_MATCH = YES;
				COPY_PHASE_STRIP = NO;
				DEBUG_INFORMATION_FORMAT = "dwarf-with-dsym";
				ENABLE_NS_ASSERTIONS = NO;
				ENABLE_STRICT_OBJC_MSGSEND = YES;
				GCC_C_LANGUAGE_STANDARD = gnu11;
				GCC_NO_COMMON_BLOCKS = YES;
				GCC_WARN_64_TO_32_BIT_CONVERSION = YES;
				GCC_WARN_ABOUT_RETURN_TYPE = YES_ERROR;
				GCC_WARN_UNDECLARED_SELECTOR = YES;
				GCC_WARN_UNINITIALIZED_AUTOS = YES_AGGRESSIVE;
				GCC_WARN_UNUSED_FUNCTION = YES;
				GCC_WARN_UNUSED_VARIABLE = YES;
				IPHONEOS_DEPLOYMENT_TARGET = 13.6;
				MTL_ENABLE_DEBUG_INFO = NO;
				MTL_FAST_MATH = YES;
				SDKROOT = iphoneos;
				SWIFT_COMPILATION_MODE = wholemodule;
				SWIFT_OPTIMIZATION_LEVEL = "-O";
				VALIDATE_PRODUCT = YES;
			};
			name = Release;
		};
		3F128061250F110100B69CF6 /* Debug */ = {
			isa = XCBuildConfiguration;
			buildSettings = {
				ASSETCATALOG_COMPILER_APPICON_NAME = AppIcon;
				CODE_SIGN_STYLE = Automatic;
				DEVELOPMENT_ASSET_PATHS = "\"Concat/Preview Content\"";
				DEVELOPMENT_TEAM = DGNK6FNP97;
				ENABLE_PREVIEWS = YES;
				INFOPLIST_FILE = Concat/Info.plist;
				LD_RUNPATH_SEARCH_PATHS = (
					"$(inherited)",
					"@executable_path/Frameworks",
				);
				PRODUCT_BUNDLE_IDENTIFIER = com.RichardJo.Concat;
				PRODUCT_NAME = "$(TARGET_NAME)";
				SWIFT_VERSION = 5.0;
				TARGETED_DEVICE_FAMILY = "1,2";
			};
			name = Debug;
		};
		3F128062250F110100B69CF6 /* Release */ = {
			isa = XCBuildConfiguration;
			buildSettings = {
				ASSETCATALOG_COMPILER_APPICON_NAME = AppIcon;
				CODE_SIGN_STYLE = Automatic;
				DEVELOPMENT_ASSET_PATHS = "\"Concat/Preview Content\"";
				DEVELOPMENT_TEAM = DGNK6FNP97;
				ENABLE_PREVIEWS = YES;
				INFOPLIST_FILE = Concat/Info.plist;
				LD_RUNPATH_SEARCH_PATHS = (
					"$(inherited)",
					"@executable_path/Frameworks",
				);
				PRODUCT_BUNDLE_IDENTIFIER = com.RichardJo.Concat;
				PRODUCT_NAME = "$(TARGET_NAME)";
				SWIFT_VERSION = 5.0;
				TARGETED_DEVICE_FAMILY = "1,2";
			};
			name = Release;
		};
/* End XCBuildConfiguration section */

/* Begin XCConfigurationList section */
		3F128047250F110000B69CF6 /* Build configuration list for PBXProject "Concat" */ = {
			isa = XCConfigurationList;
			buildConfigurations = (
				3F12805E250F110100B69CF6 /* Debug */,
				3F12805F250F110100B69CF6 /* Release */,
			);
			defaultConfigurationIsVisible = 0;
			defaultConfigurationName = Release;
		};
		3F128060250F110100B69CF6 /* Build configuration list for PBXNativeTarget "Concat" */ = {
			isa = XCConfigurationList;
			buildConfigurations = (
				3F128061250F110100B69CF6 /* Debug */,
				3F128062250F110100B69CF6 /* Release */,
			);
			defaultConfigurationIsVisible = 0;
			defaultConfigurationName = Release;
		};
/* End XCConfigurationList section */
	};
	rootObject = 3F128044250F110000B69CF6 /* Project object */;
}
